
Microsoft Visual Studio Solution File, Format Version 12.00
# Visual Studio Version 17
VisualStudioVersion = 17.8.34525.116
MinimumVisualStudioVersion = 10.0.40219.1
Project("{FAE04EC0-301F-11D3-BF4B-00C04F79EFBC}") = "Group2_FinalProject", "Group2_FinalProject\Group2_FinalProject.csproj", "{EBEDE131-CE99-4D5E-A7EA-A3C09686CA51}"
EndProject
Global
	GlobalSection(SolutionConfigurationPlatforms) = preSolution
		Debug|Any CPU = Debug|Any CPU
		Release|Any CPU = Release|Any CPU
	EndGlobalSection
	GlobalSection(ProjectConfigurationPlatforms) = postSolution
		{EBEDE131-CE99-4D5E-A7EA-A3C09686CA51}.Debug|Any CPU.ActiveCfg = Debug|Any CPU
		{EBEDE131-CE99-4D5E-A7EA-A3C09686CA51}.Debug|Any CPU.Build.0 = Debug|Any CPU
		{EBEDE131-CE99-4D5E-A7EA-A3C09686CA51}.Release|Any CPU.ActiveCfg = Release|Any CPU
		{EBEDE131-CE99-4D5E-A7EA-A3C09686CA51}.Release|Any CPU.Build.0 = Release|Any CPU
	EndGlobalSection
	GlobalSection(SolutionProperties) = preSolution
		HideSolutionNode = FALSE
	EndGlobalSection
	GlobalSection(ExtensibilityGlobals) = postSolution
		SolutionGuid = {1F17A339-AB21-40DC-A022-41E45B270891}
	EndGlobalSection
EndGlobal
